PODS:
  - file_selector_macos (0.0.1):
    - FlutterMacOS
  - FlutterMacOS (1.0.0)
  - gal (1.0.0):
    - Flutter
    - FlutterMacOS
  - mobile_scanner (7.0.0):
    - Flutter
    - FlutterMacOS
  - purchases_flutter (10.1.0):
    - FlutterMacOS
    - PurchasesHybridCommon (= 18.6.0)
  - PurchasesHybridCommon (18.6.0):
    - RevenueCat (= 5.72.0)
  - RevenueCat (5.72.0)
  - shared_preferences_foundation (0.0.1):
    - Flutter
    - FlutterMacOS

DEPENDENCIES:
  - file_selector_macos (from `Flutter/ephemeral/.symlinks/plugins/file_selector_macos/macos`)
  - FlutterMacOS (from `Flutter/ephemeral`)
  - gal (from `Flutter/ephemeral/.symlinks/plugins/gal/darwin`)
  - mobile_scanner (from `Flutter/ephemeral/.symlinks/plugins/mobile_scanner/darwin`)
  - purchases_flutter (from `Flutter/ephemeral/.symlinks/plugins/purchases_flutter/macos`)
  - shared_preferences_foundation (from `Flutter/ephemeral/.symlinks/plugins/shared_preferences_foundation/darwin`)

SPEC REPOS:
  trunk:
    - PurchasesHybridCommon
    - RevenueCat

EXTERNAL SOURCES:
  file_selector_macos:
    :path: Flutter/ephemeral/.symlinks/plugins/file_selector_macos/macos
  FlutterMacOS:
    :path: Flutter/ephemeral
  gal:
    :path: Flutter/ephemeral/.symlinks/plugins/gal/darwin
  mobile_scanner:
    :path: Flutter/ephemeral/.symlinks/plugins/mobile_scanner/darwin
  purchases_flutter:
    :path: Flutter/ephemeral/.symlinks/plugins/purchases_flutter/macos
  shared_preferences_foundation:
    :path: Flutter/ephemeral/.symlinks/plugins/shared_preferences_foundation/darwin

SPEC CHECKSUMS:
  file_selector_macos: 9e9e068e90ebee155097d00e89ae91edb2374db7
  FlutterMacOS: d0db08ddef1a9af05a5ec4b724367152bb0500b1
  gal: baecd024ebfd13c441269ca7404792a7152fde89
  mobile_scanner: 9157936403f5a0644ca3779a38ff8404c5434a93
  purchases_flutter: 1996c53360a6521e28749639ed840acfbb834415
  PurchasesHybridCommon: 89a3ddba365c20457a4712bc3d6377b0ea3c9b4f
  RevenueCat: 136390ad99039cdd692156af5e479293ae83b2a9
  shared_preferences_foundation: 7036424c3d8ec98dfe75ff1667cb0cd531ec82bb

PODFILE CHECKSUM: 346bfb2deb41d4a6ebd6f6799f92188bde2d246f

COCOAPODS: 1.16.2
