PODS:
  - Flutter (1.0.0)
  - gal (1.0.0):
    - Flutter
    - FlutterMacOS
  - home_widget (0.0.1):
    - Flutter
  - image_picker_ios (0.0.1):
    - Flutter
  - mobile_scanner (7.0.0):
    - Flutter
    - FlutterMacOS
  - permission_handler_apple (9.3.0):
    - Flutter
  - purchases_flutter (10.1.0):
    - Flutter
    - PurchasesHybridCommon (= 18.6.0)
  - PurchasesHybridCommon (18.6.0):
    - RevenueCat (= 5.72.0)
  - RevenueCat (5.72.0)
  - shared_preferences_foundation (0.0.1):
    - Flutter
    - FlutterMacOS

DEPENDENCIES:
  - Flutter (from `Flutter`)
  - gal (from `.symlinks/plugins/gal/darwin`)
  - home_widget (from `.symlinks/plugins/home_widget/ios`)
  - image_picker_ios (from `.symlinks/plugins/image_picker_ios/ios`)
  - mobile_scanner (from `.symlinks/plugins/mobile_scanner/darwin`)
  - permission_handler_apple (from `.symlinks/plugins/permission_handler_apple/ios`)
  - purchases_flutter (from `.symlinks/plugins/purchases_flutter/ios`)
  - shared_preferences_foundation (from `.symlinks/plugins/shared_preferences_foundation/darwin`)

SPEC REPOS:
  trunk:
    - PurchasesHybridCommon
    - RevenueCat

EXTERNAL SOURCES:
  Flutter:
    :path: Flutter
  gal:
    :path: ".symlinks/plugins/gal/darwin"
  home_widget:
    :path: ".symlinks/plugins/home_widget/ios"
  image_picker_ios:
    :path: ".symlinks/plugins/image_picker_ios/ios"
  mobile_scanner:
    :path: ".symlinks/plugins/mobile_scanner/darwin"
  permission_handler_apple:
    :path: ".symlinks/plugins/permission_handler_apple/ios"
  purchases_flutter:
    :path: ".symlinks/plugins/purchases_flutter/ios"
  shared_preferences_foundation:
    :path: ".symlinks/plugins/shared_preferences_foundation/darwin"

SPEC CHECKSUMS:
  Flutter: cabc95a1d2626b1b06e7179b784ebcf0c0cde467
  gal: baecd024ebfd13c441269ca7404792a7152fde89
  home_widget: 54b4f6b36ed8d64cfee594a476225c35c3e45091
  image_picker_ios: e0ece4aa2a75771a7de3fa735d26d90817041326
  mobile_scanner: 9157936403f5a0644ca3779a38ff8404c5434a93
  permission_handler_apple: 4ed2196e43d0651e8ff7ca3483a069d469701f2d
  purchases_flutter: 136a8e1e9c28e9afb78d40b06e2b6ff3f16fc47e
  PurchasesHybridCommon: 89a3ddba365c20457a4712bc3d6377b0ea3c9b4f
  RevenueCat: 136390ad99039cdd692156af5e479293ae83b2a9
  shared_preferences_foundation: 7036424c3d8ec98dfe75ff1667cb0cd531ec82bb

PODFILE CHECKSUM: 7c5cfbc6a76fcaecb6965185042d91f78805e69e

COCOAPODS: 1.16.2
